
Microsoft Visual Studio Solution File, Format Version 12.00
# Visual Studio Version 16
VisualStudioVersion = 16.0.31410.357
MinimumVisualStudioVersion = 10.0.40219.1
Project("{FAE04EC0-301F-11D3-BF4B-00C04F79EFBC}") = "Farm", "Farm.csproj", "{382259F2-31AA-4478-A184-CE6866A6C471}"
EndProject
Global
	GlobalSection(SolutionConfigurationPlatforms) = preSolution
		Debug|Any CPU = Debug|Any CPU
		Release|Any CPU = Release|Any CPU
	EndGlobalSection
	GlobalSection(ProjectConfigurationPlatforms) = postSolution
		{382259F2-31AA-4478-A184-CE6866A6C471}.Debug|Any CPU.ActiveCfg = Debug|Any CPU
		{382259F2-31AA-4478-A184-CE6866A6C471}.Debug|Any CPU.Build.0 = Debug|Any CPU
		{382259F2-31AA-4478-A184-CE6866A6C471}.Release|Any CPU.ActiveCfg = Release|Any CPU
		{382259F2-31AA-4478-A184-CE6866A6C471}.Release|Any CPU.Build.0 = Release|Any CPU
	EndGlobalSection
	GlobalSection(SolutionProperties) = preSolution
		HideSolutionNode = FALSE
	EndGlobalSection
	GlobalSection(ExtensibilityGlobals) = postSolution
		SolutionGuid = {95D4E22C-1EB5-43B7-AC54-919003306CA1}
	EndGlobalSection
EndGlobal
